// !$*UTF8*$!
{
	archiveVersion = 1;
	classes = {
	};
	objectVersion = 77;
	objects = {

/* Begin PBXBuildFile section */
		B5A7CCAC2F680BA200988F0A /* Quartz.framework in Frameworks */ = {isa = PBXBuildFile; fileRef = B5A7CCAB2F680BA200988F0A /* Quartz.framework */; };
		B5A7CCB82F680BA200988F0A /* QuickLookExtension.appex in Embed Foundation Extensions */ = {isa = PBXBuildFile; fileRef = B5A7CCA92F680BA100988F0A /* QuickLookExtension.appex */; settings = {ATTRIBUTES = (RemoveHeadersOnCopy, ); }; };
		B5A7CCCE2F68111100988F0A /* AppIntents.framework in Frameworks */ = {isa = PBXBuildFile; fileRef = B5A7CCCD2F68111100988F0A /* AppIntents.framework */; };
		B5A7CCCF2F68111100988F0A /* AppIntents.framework in Frameworks */ = {isa = PBXBuildFile; fileRef = B5A7CCCD2F68111100988F0A /* AppIntents.framework */; };
		B5A7CCD02F68111100988F0A /* AppIntents.framework in Frameworks */ = {isa = PBXBuildFile; fileRef = B5A7CCCD2F68111100988F0A /* AppIntents.framework */; };
		B5A7CCD12F68111200988F0A /* QuickLookExtension/UTIMapper.swift in Sources */ = {isa = PBXBuildFile; fileRef = B5A7CCD22F68111200988F0A /* QuickLookExtension/UTIMapper.swift */; };
		C9A100102F689500006D34B2 /* QuickLookExtension/FileLoader.swift in Sources */ = {isa = PBXBuildFile; fileRef = C9A100112F689500006D34B2 /* QuickLookExtension/FileLoader.swift */; };
		C9A100202F689500006D34B2 /* QuickLookExtension/Settings.swift in Sources */ = {isa = PBXBuildFile; fileRef = C9A100212F689500006D34B2 /* QuickLookExtension/Settings.swift */; };
		C9A100312F700002006D34B2 /* Sparkle in Frameworks */ = {isa = PBXBuildFile; productRef = C9A100322F700002006D34B2 /* Sparkle */; };
/* End PBXBuildFile section */

/* Begin PBXContainerItemProxy section */
		B5A7CCB62F680BA200988F0A /* PBXContainerItemProxy */ = {
			isa = PBXContainerItemProxy;
			containerPortal = B5A7CC8F2F680B2A00988F0A /* Project object */;
			proxyType = 1;
			remoteGlobalIDString = B5A7CCA82F680BA100988F0A;
			remoteInfo = QuickLookExtension;
		};
		B5A7CCC62F680BF500988F0A /* PBXContainerItemProxy */ = {
			isa = PBXContainerItemProxy;
			containerPortal = B5A7CC8F2F680B2A00988F0A /* Project object */;
			proxyType = 1;
			remoteGlobalIDString = B5A7CC962F680B2A00988F0A;
			remoteInfo = FreeLook;
		};
/* End PBXContainerItemProxy section */

/* Begin PBXCopyFilesBuildPhase section */
		B5A7CCBD2F680BA200988F0A /* Embed Foundation Extensions */ = {
			isa = PBXCopyFilesBuildPhase;
			buildActionMask = 2147483647;
			dstPath = "";
			dstSubfolderSpec = 13;
			files = (
				B5A7CCB82F680BA200988F0A /* QuickLookExtension.appex in Embed Foundation Extensions */,
			);
			name = "Embed Foundation Extensions";
			runOnlyForDeploymentPostprocessing = 0;
		};
/* End PBXCopyFilesBuildPhase section */

/* Begin PBXFileReference section */
		B5A7CC972F680B2A00988F0A /* FreeLook.app */ = {isa = PBXFileReference; explicitFileType = wrapper.application; includeInIndex = 0; path = FreeLook.app; sourceTree = BUILT_PRODUCTS_DIR; };
		B5A7CCA92F680BA100988F0A /* QuickLookExtension.appex */ = {isa = PBXFileReference; explicitFileType = "wrapper.app-extension"; includeInIndex = 0; path = QuickLookExtension.appex; sourceTree = BUILT_PRODUCTS_DIR; };
		B5A7CCAB2F680BA200988F0A /* Quartz.framework */ = {isa = PBXFileReference; lastKnownFileType = wrapper.framework; name = Quartz.framework; path = System/Library/Frameworks/Quartz.framework; sourceTree = SDKROOT; };
		B5A7CCC22F680BF500988F0A /* Tests.xctest */ = {isa = PBXFileReference; explicitFileType = wrapper.cfbundle; includeInIndex = 0; path = Tests.xctest; sourceTree = BUILT_PRODUCTS_DIR; };
		B5A7CCCD2F68111100988F0A /* AppIntents.framework */ = {isa = PBXFileReference; lastKnownFileType = wrapper.framework; name = AppIntents.framework; path = System/Library/Frameworks/AppIntents.framework; sourceTree = SDKROOT; };
		B5A7CCD22F68111200988F0A /* QuickLookExtension/UTIMapper.swift */ = {isa = PBXFileReference; lastKnownFileType = sourcecode.swift; path = QuickLookExtension/UTIMapper.swift; sourceTree = SOURCE_ROOT; };
		C9A100112F689500006D34B2 /* QuickLookExtension/FileLoader.swift */ = {isa = PBXFileReference; lastKnownFileType = sourcecode.swift; path = QuickLookExtension/FileLoader.swift; sourceTree = SOURCE_ROOT; };
		C9A100212F689500006D34B2 /* QuickLookExtension/Settings.swift */ = {isa = PBXFileReference; lastKnownFileType = sourcecode.swift; path = QuickLookExtension/Settings.swift; sourceTree = SOURCE_ROOT; };
/* End PBXFileReference section */

/* Begin PBXFileSystemSynchronizedBuildFileExceptionSet section */
		B5A7CC912F680B2A00988F0A /* Exceptions for "FreeLook" folder in "FreeLook" target */ = {
			isa = PBXFileSystemSynchronizedBuildFileExceptionSet;
			membershipExceptions = (
				Info.plist,
			);
			target = B5A7CC962F680B2A00988F0A /* FreeLook */;
		};
		B5A7CCB92F680BA200988F0A /* Exceptions for "QuickLookExtension" folder in "QuickLookExtension" target */ = {
			isa = PBXFileSystemSynchronizedBuildFileExceptionSet;
			membershipExceptions = (
				Info.plist,
			);
			target = B5A7CCA82F680BA100988F0A /* QuickLookExtension */;
		};
/* End PBXFileSystemSynchronizedBuildFileExceptionSet section */

/* Begin PBXFileSystemSynchronizedRootGroup section */
		B5A7CC992F680B2A00988F0A /* FreeLook */ = {
			isa = PBXFileSystemSynchronizedRootGroup;
			exceptions = (
				B5A7CC912F680B2A00988F0A /* Exceptions for "FreeLook" folder in "FreeLook" target */,
			);
			path = FreeLook;
			sourceTree = "<group>";
		};
		B5A7CCAD2F680BA200988F0A /* QuickLookExtension */ = {
			isa = PBXFileSystemSynchronizedRootGroup;
			exceptions = (
				B5A7CCB92F680BA200988F0A /* Exceptions for "QuickLookExtension" folder in "QuickLookExtension" target */,
			);
			path = QuickLookExtension;
			sourceTree = "<group>";
		};
		B5A7CCC32F680BF500988F0A /* Tests */ = {
			isa = PBXFileSystemSynchronizedRootGroup;
			path = Tests;
			sourceTree = "<group>";
		};
/* End PBXFileSystemSynchronizedRootGroup section */

/* Begin PBXFrameworksBuildPhase section */
		B5A7CC942F680B2A00988F0A /* Frameworks */ = {
			isa = PBXFrameworksBuildPhase;
			buildActionMask = 2147483647;
			files = (
				B5A7CCCE2F68111100988F0A /* AppIntents.framework in Frameworks */,
				C9A100312F700002006D34B2 /* Sparkle in Frameworks */,
			);
			runOnlyForDeploymentPostprocessing = 0;
		};
		B5A7CCA62F680BA100988F0A /* Frameworks */ = {
			isa = PBXFrameworksBuildPhase;
			buildActionMask = 2147483647;
			files = (
				B5A7CCCF2F68111100988F0A /* AppIntents.framework in Frameworks */,
				B5A7CCAC2F680BA200988F0A /* Quartz.framework in Frameworks */,
			);
			runOnlyForDeploymentPostprocessing = 0;
		};
		B5A7CCBF2F680BF500988F0A /* Frameworks */ = {
			isa = PBXFrameworksBuildPhase;
			buildActionMask = 2147483647;
			files = (
				B5A7CCD02F68111100988F0A /* AppIntents.framework in Frameworks */,
			);
			runOnlyForDeploymentPostprocessing = 0;
		};
/* End PBXFrameworksBuildPhase section */

/* Begin PBXGroup section */
		B5A7CC8E2F680B2A00988F0A = {
			isa = PBXGroup;
			children = (
				B5A7CC992F680B2A00988F0A /* FreeLook */,
				B5A7CCAD2F680BA200988F0A /* QuickLookExtension */,
				B5A7CCC32F680BF500988F0A /* Tests */,
				B5A7CCAA2F680BA200988F0A /* Frameworks */,
				B5A7CC982F680B2A00988F0A /* Products */,
				B5A7CD0A2F6820B400988F0A /* Cross-Target Sources */,
			);
			sourceTree = "<group>";
		};
		B5A7CC982F680B2A00988F0A /* Products */ = {
			isa = PBXGroup;
			children = (
				B5A7CC972F680B2A00988F0A /* FreeLook.app */,
				B5A7CCA92F680BA100988F0A /* QuickLookExtension.appex */,
				B5A7CCC22F680BF500988F0A /* Tests.xctest */,
			);
			name = Products;
			sourceTree = "<group>";
		};
		B5A7CCAA2F680BA200988F0A /* Frameworks */ = {
			isa = PBXGroup;
			children = (
				B5A7CCCD2F68111100988F0A /* AppIntents.framework */,
				B5A7CCAB2F680BA200988F0A /* Quartz.framework */,
			);
			name = Frameworks;
			sourceTree = "<group>";
		};
		B5A7CD0A2F6820B400988F0A /* Cross-Target Sources */ = {
			isa = PBXGroup;
			children = (
				C9A100212F689500006D34B2 /* QuickLookExtension/Settings.swift */,
				C9A100112F689500006D34B2 /* QuickLookExtension/FileLoader.swift */,
				B5A7CCD22F68111200988F0A /* QuickLookExtension/UTIMapper.swift */,
			);
			name = "Cross-Target Sources";
			sourceTree = "<group>";
		};
/* End PBXGroup section */

/* Begin PBXNativeTarget section */
		B5A7CC962F680B2A00988F0A /* FreeLook */ = {
			isa = PBXNativeTarget;
			buildConfigurationList = B5A7CCA22F680B2B00988F0A /* Build configuration list for PBXNativeTarget "FreeLook" */;
			buildPhases = (
				B5A7CC932F680B2A00988F0A /* Sources */,
				B5A7CC942F680B2A00988F0A /* Frameworks */,
				B5A7CC952F680B2A00988F0A /* Resources */,
				B5A7CCBD2F680BA200988F0A /* Embed Foundation Extensions */,
			);
			buildRules = (
			);
			dependencies = (
				B5A7CCB72F680BA200988F0A /* PBXTargetDependency */,
			);
			fileSystemSynchronizedGroups = (
				B5A7CC992F680B2A00988F0A /* FreeLook */,
			);
			name = FreeLook;
			packageProductDependencies = (
				C9A100322F700002006D34B2 /* Sparkle */,
			);
			productName = FreeLook;
			productReference = B5A7CC972F680B2A00988F0A /* FreeLook.app */;
			productType = "com.apple.product-type.application";
		};
		B5A7CCA82F680BA100988F0A /* QuickLookExtension */ = {
			isa = PBXNativeTarget;
			buildConfigurationList = B5A7CCBA2F680BA200988F0A /* Build configuration list for PBXNativeTarget "QuickLookExtension" */;
			buildPhases = (
				B5A7CCA52F680BA100988F0A /* Sources */,
				B5A7CCA62F680BA100988F0A /* Frameworks */,
				B5A7CCA72F680BA100988F0A /* Resources */,
			);
			buildRules = (
			);
			dependencies = (
			);
			fileSystemSynchronizedGroups = (
				B5A7CCAD2F680BA200988F0A /* QuickLookExtension */,
			);
			name = QuickLookExtension;
			packageProductDependencies = (
			);
			productName = QuickLookExtension;
			productReference = B5A7CCA92F680BA100988F0A /* QuickLookExtension.appex */;
			productType = "com.apple.product-type.app-extension";
		};
		B5A7CCC12F680BF500988F0A /* Tests */ = {
			isa = PBXNativeTarget;
			buildConfigurationList = B5A7CCC82F680BF500988F0A /* Build configuration list for PBXNativeTarget "Tests" */;
			buildPhases = (
				B5A7CCBE2F680BF500988F0A /* Sources */,
				B5A7CCBF2F680BF500988F0A /* Frameworks */,
				B5A7CCC02F680BF500988F0A /* Resources */,
			);
			buildRules = (
			);
			dependencies = (
				B5A7CCC72F680BF500988F0A /* PBXTargetDependency */,
			);
			fileSystemSynchronizedGroups = (
				B5A7CCC32F680BF500988F0A /* Tests */,
			);
			name = Tests;
			packageProductDependencies = (
			);
			productName = Tests;
			productReference = B5A7CCC22F680BF500988F0A /* Tests.xctest */;
			productType = "com.apple.product-type.bundle.unit-test";
		};
/* End PBXNativeTarget section */

/* Begin PBXProject section */
		B5A7CC8F2F680B2A00988F0A /* Project object */ = {
			isa = PBXProject;
			attributes = {
				BuildIndependentTargetsInParallel = 1;
				LastSwiftUpdateCheck = 2630;
				LastUpgradeCheck = 2630;
				TargetAttributes = {
					B5A7CC962F680B2A00988F0A = {
						CreatedOnToolsVersion = 26.3;
					};
					B5A7CCA82F680BA100988F0A = {
						CreatedOnToolsVersion = 26.3;
					};
					B5A7CCC12F680BF500988F0A = {
						CreatedOnToolsVersion = 26.3;
						TestTargetID = B5A7CC962F680B2A00988F0A;
					};
				};
			};
			buildConfigurationList = B5A7CC922F680B2A00988F0A /* Build configuration list for PBXProject "FreeLook" */;
			developmentRegion = en;
			hasScannedForEncodings = 0;
			knownRegions = (
				en,
				Base,
			);
			mainGroup = B5A7CC8E2F680B2A00988F0A;
			minimizedProjectReferenceProxies = 1;
			packageReferences = (
				B5A7CCCD2F680D1A00988F0A /* XCRemoteSwiftPackageReference "Sparkle" */,
			);
			preferredProjectObjectVersion = 77;
			productRefGroup = B5A7CC982F680B2A00988F0A /* Products */;
			projectDirPath = "";
			projectRoot = "";
			targets = (
				B5A7CC962F680B2A00988F0A /* FreeLook */,
				B5A7CCA82F680BA100988F0A /* QuickLookExtension */,
				B5A7CCC12F680BF500988F0A /* Tests */,
			);
		};
/* End PBXProject section */

/* Begin PBXResourcesBuildPhase section */
		B5A7CC952F680B2A00988F0A /* Resources */ = {
			isa = PBXResourcesBuildPhase;
			buildActionMask = 2147483647;
			files = (
			);
			runOnlyForDeploymentPostprocessing = 0;
		};
		B5A7CCA72F680BA100988F0A /* Resources */ = {
			isa = PBXResourcesBuildPhase;
			buildActionMask = 2147483647;
			files = (
			);
			runOnlyForDeploymentPostprocessing = 0;
		};
		B5A7CCC02F680BF500988F0A /* Resources */ = {
			isa = PBXResourcesBuildPhase;
			buildActionMask = 2147483647;
			files = (
			);
			runOnlyForDeploymentPostprocessing = 0;
		};
/* End PBXResourcesBuildPhase section */

/* Begin PBXSourcesBuildPhase section */
		B5A7CC932F680B2A00988F0A /* Sources */ = {
			isa = PBXSourcesBuildPhase;
			buildActionMask = 2147483647;
			files = (
				C9A100202F689500006D34B2 /* QuickLookExtension/Settings.swift in Sources */,
			);
			runOnlyForDeploymentPostprocessing = 0;
		};
		B5A7CCA52F680BA100988F0A /* Sources */ = {
			isa = PBXSourcesBuildPhase;
			buildActionMask = 2147483647;
			files = (
			);
			runOnlyForDeploymentPostprocessing = 0;
		};
		B5A7CCBE2F680BF500988F0A /* Sources */ = {
			isa = PBXSourcesBuildPhase;
			buildActionMask = 2147483647;
			files = (
				C9A100102F689500006D34B2 /* QuickLookExtension/FileLoader.swift in Sources */,
				B5A7CCD12F68111200988F0A /* QuickLookExtension/UTIMapper.swift in Sources */,
			);
			runOnlyForDeploymentPostprocessing = 0;
		};
/* End PBXSourcesBuildPhase section */

/* Begin PBXTargetDependency section */
		B5A7CCB72F680BA200988F0A /* PBXTargetDependency */ = {
			isa = PBXTargetDependency;
			target = B5A7CCA82F680BA100988F0A /* QuickLookExtension */;
			targetProxy = B5A7CCB62F680BA200988F0A /* PBXContainerItemProxy */;
		};
		B5A7CCC72F680BF500988F0A /* PBXTargetDependency */ = {
			isa = PBXTargetDependency;
			target = B5A7CC962F680B2A00988F0A /* FreeLook */;
			targetProxy = B5A7CCC62F680BF500988F0A /* PBXContainerItemProxy */;
		};
/* End PBXTargetDependency section */

/* Begin XCBuildConfiguration section */
		B5A7CCA02F680B2B00988F0A /* Debug */ = {
			isa = XCBuildConfiguration;
			buildSettings = {
				ALWAYS_SEARCH_USER_PATHS = NO;
				ASSETCATALOG_COMPILER_GENERATE_SWIFT_ASSET_SYMBOL_EXTENSIONS = YES;
				CLANG_ANALYZER_NONNULL = YES;
				CLANG_ANALYZER_NUMBER_OBJECT_CONVERSION = YES_AGGRESSIVE;
				CLANG_CXX_LANGUAGE_STANDARD = "gnu++20";
				CLANG_ENABLE_MODULES = YES;
				CLANG_ENABLE_OBJC_ARC = YES;
				CLANG_ENABLE_OBJC_WEAK = YES;
				CLANG_WARN_BLOCK_CAPTURE_AUTORELEASING = YES;
				CLANG_WARN_BOOL_CONVERSION = YES;
				CLANG_WARN_COMMA = YES;
				CLANG_WARN_CONSTANT_CONVERSION = YES;
				CLANG_WARN_DEPRECATED_OBJC_IMPLEMENTATIONS = YES;
				CLANG_WARN_DIRECT_OBJC_ISA_USAGE = YES_ERROR;
				CLANG_WARN_DOCUMENTATION_COMMENTS = YES;
				CLANG_WARN_EMPTY_BODY = YES;
				CLANG_WARN_ENUM_CONVERSION = YES;
				CLANG_WARN_INFINITE_RECURSION = YES;
				CLANG_WARN_INT_CONVERSION = YES;
				CLANG_WARN_NON_LITERAL_NULL_CONVERSION = YES;
				CLANG_WARN_OBJC_IMPLICIT_RETAIN_SELF = YES;
				CLANG_WARN_OBJC_LITERAL_CONVERSION = YES;
				CLANG_WARN_OBJC_ROOT_CLASS = YES_ERROR;
				CLANG_WARN_QUOTED_INCLUDE_IN_FRAMEWORK_HEADER = YES;
				CLANG_WARN_RANGE_LOOP_ANALYSIS = YES;
				CLANG_WARN_STRICT_PROTOTYPES = YES;
				CLANG_WARN_SUSPICIOUS_MOVE = YES;
				CLANG_WARN_UNGUARDED_AVAILABILITY = YES_AGGRESSIVE;
				CLANG_WARN_UNREACHABLE_CODE = YES;
				CLANG_WARN__DUPLICATE_METHOD_MATCH = YES;
				COPY_PHASE_STRIP = NO;
				DEBUG_INFORMATION_FORMAT = dwarf;
				DEVELOPMENT_TEAM = S2D42Y29YT;
				ENABLE_STRICT_OBJC_MSGSEND = YES;
				ENABLE_TESTABILITY = YES;
				ENABLE_USER_SCRIPT_SANDBOXING = YES;
				GCC_C_LANGUAGE_STANDARD = gnu17;
				GCC_DYNAMIC_NO_PIC = NO;
				GCC_NO_COMMON_BLOCKS = YES;
				GCC_OPTIMIZATION_LEVEL = 0;
				GCC_PREPROCESSOR_DEFINITIONS = (
					"DEBUG=1",
					"$(inherited)",
				);
				GCC_WARN_64_TO_32_BIT_CONVERSION = YES;
				GCC_WARN_ABOUT_RETURN_TYPE = YES_ERROR;
				GCC_WARN_UNDECLARED_SELECTOR = YES;
				GCC_WARN_UNINITIALIZED_AUTOS = YES_AGGRESSIVE;
				GCC_WARN_UNUSED_FUNCTION = YES;
				GCC_WARN_UNUSED_VARIABLE = YES;
				LOCALIZATION_PREFERS_STRING_CATALOGS = YES;
				MACOSX_DEPLOYMENT_TARGET = 14.6;
				MTL_ENABLE_DEBUG_INFO = INCLUDE_SOURCE;
				MTL_FAST_MATH = YES;
				ONLY_ACTIVE_ARCH = YES;
				SDKROOT = macosx;
				SWIFT_ACTIVE_COMPILATION_CONDITIONS = "DEBUG $(inherited)";
				SWIFT_OPTIMIZATION_LEVEL = "-Onone";
			};
			name = Debug;
		};
		B5A7CCA12F680B2B00988F0A /* Release */ = {
			isa = XCBuildConfiguration;
			buildSettings = {
				ALWAYS_SEARCH_USER_PATHS = NO;
				ASSETCATALOG_COMPILER_GENERATE_SWIFT_ASSET_SYMBOL_EXTENSIONS = YES;
				CLANG_ANALYZER_NONNULL = YES;
				CLANG_ANALYZER_NUMBER_OBJECT_CONVERSION = YES_AGGRESSIVE;
				CLANG_CXX_LANGUAGE_STANDARD = "gnu++20";
				CLANG_ENABLE_MODULES = YES;
				CLANG_ENABLE_OBJC_ARC = YES;
				CLANG_ENABLE_OBJC_WEAK = YES;
				CLANG_WARN_BLOCK_CAPTURE_AUTORELEASING = YES;
				CLANG_WARN_BOOL_CONVERSION = YES;
				CLANG_WARN_COMMA = YES;
				CLANG_WARN_CONSTANT_CONVERSION = YES;
				CLANG_WARN_DEPRECATED_OBJC_IMPLEMENTATIONS = YES;
				CLANG_WARN_DIRECT_OBJC_ISA_USAGE = YES_ERROR;
				CLANG_WARN_DOCUMENTATION_COMMENTS = YES;
				CLANG_WARN_EMPTY_BODY = YES;
				CLANG_WARN_ENUM_CONVERSION = YES;
				CLANG_WARN_INFINITE_RECURSION = YES;
				CLANG_WARN_INT_CONVERSION = YES;
				CLANG_WARN_NON_LITERAL_NULL_CONVERSION = YES;
				CLANG_WARN_OBJC_IMPLICIT_RETAIN_SELF = YES;
				CLANG_WARN_OBJC_LITERAL_CONVERSION = YES;
				CLANG_WARN_OBJC_ROOT_CLASS = YES_ERROR;
				CLANG_WARN_QUOTED_INCLUDE_IN_FRAMEWORK_HEADER = YES;
				CLANG_WARN_RANGE_LOOP_ANALYSIS = YES;
				CLANG_WARN_STRICT_PROTOTYPES = YES;
				CLANG_WARN_SUSPICIOUS_MOVE = YES;
				CLANG_WARN_UNGUARDED_AVAILABILITY = YES_AGGRESSIVE;
				CLANG_WARN_UNREACHABLE_CODE = YES;
				CLANG_WARN__DUPLICATE_METHOD_MATCH = YES;
				COPY_PHASE_STRIP = NO;
				DEBUG_INFORMATION_FORMAT = "dwarf-with-dsym";
				DEVELOPMENT_TEAM = S2D42Y29YT;
				ENABLE_NS_ASSERTIONS = NO;
				ENABLE_STRICT_OBJC_MSGSEND = YES;
				ENABLE_USER_SCRIPT_SANDBOXING = YES;
				GCC_C_LANGUAGE_STANDARD = gnu17;
				GCC_NO_COMMON_BLOCKS = YES;
				GCC_WARN_64_TO_32_BIT_CONVERSION = YES;
				GCC_WARN_ABOUT_RETURN_TYPE = YES_ERROR;
				GCC_WARN_UNDECLARED_SELECTOR = YES;
				GCC_WARN_UNINITIALIZED_AUTOS = YES_AGGRESSIVE;
				GCC_WARN_UNUSED_FUNCTION = YES;
				GCC_WARN_UNUSED_VARIABLE = YES;
				LOCALIZATION_PREFERS_STRING_CATALOGS = YES;
				MACOSX_DEPLOYMENT_TARGET = 14.6;
				MTL_ENABLE_DEBUG_INFO = NO;
				MTL_FAST_MATH = YES;
				SDKROOT = macosx;
				SWIFT_COMPILATION_MODE = wholemodule;
			};
			name = Release;
		};
		B5A7CCA32F680B2B00988F0A /* Debug */ = {
			isa = XCBuildConfiguration;
			buildSettings = {
				ASSETCATALOG_COMPILER_APPICON_NAME = AppIcon;
				ASSETCATALOG_COMPILER_GLOBAL_ACCENT_COLOR_NAME = AccentColor;
				CODE_SIGN_ENTITLEMENTS = FreeLook/FreeLook.entitlements;
				CODE_SIGN_STYLE = Automatic;
				COMBINE_HIDPI_IMAGES = YES;
				CURRENT_PROJECT_VERSION = 1;
				DEVELOPMENT_TEAM = S2D42Y29YT;
				ENABLE_APP_SANDBOX = YES;
				ENABLE_HARDENED_RUNTIME = YES;
				ENABLE_PREVIEWS = YES;
				ENABLE_USER_SELECTED_FILES = readonly;
				GENERATE_INFOPLIST_FILE = YES;
				INFOPLIST_FILE = FreeLook/Info.plist;
				INFOPLIST_KEY_CFBundleDisplayName = FreeLook;
				INFOPLIST_KEY_NSHumanReadableCopyright = "";
				LD_RUNPATH_SEARCH_PATHS = (
					"$(inherited)",
					"@executable_path/../Frameworks",
				);
				MACOSX_DEPLOYMENT_TARGET = 14.6;
				MARKETING_VERSION = 0.9.0;
				PRODUCT_BUNDLE_IDENTIFIER = net.paradigmx.FreeLook;
				PRODUCT_NAME = "$(TARGET_NAME)";
				REGISTER_APP_GROUPS = YES;
				STRING_CATALOG_GENERATE_SYMBOLS = YES;
				SWIFT_APPROACHABLE_CONCURRENCY = YES;
				SWIFT_DEFAULT_ACTOR_ISOLATION = MainActor;
				SWIFT_EMIT_LOC_STRINGS = YES;
				SWIFT_UPCOMING_FEATURE_MEMBER_IMPORT_VISIBILITY = YES;
				SWIFT_VERSION = 5.0;
			};
			name = Debug;
		};
		B5A7CCA42F680B2B00988F0A /* Release */ = {
			isa = XCBuildConfiguration;
			buildSettings = {
				ASSETCATALOG_COMPILER_APPICON_NAME = AppIcon;
				ASSETCATALOG_COMPILER_GLOBAL_ACCENT_COLOR_NAME = AccentColor;
				CODE_SIGN_ENTITLEMENTS = FreeLook/FreeLook.entitlements;
				CODE_SIGN_STYLE = Automatic;
				COMBINE_HIDPI_IMAGES = YES;
				CURRENT_PROJECT_VERSION = 1;
				DEVELOPMENT_TEAM = S2D42Y29YT;
				ENABLE_APP_SANDBOX = YES;
				ENABLE_HARDENED_RUNTIME = YES;
				ENABLE_PREVIEWS = YES;
				ENABLE_USER_SELECTED_FILES = readonly;
				GENERATE_INFOPLIST_FILE = YES;
				INFOPLIST_FILE = FreeLook/Info.plist;
				INFOPLIST_KEY_CFBundleDisplayName = FreeLook;
				INFOPLIST_KEY_NSHumanReadableCopyright = "";
				LD_RUNPATH_SEARCH_PATHS = (
					"$(inherited)",
					"@executable_path/../Frameworks",
				);
				MACOSX_DEPLOYMENT_TARGET = 14.6;
				MARKETING_VERSION = 0.9.0;
				PRODUCT_BUNDLE_IDENTIFIER = net.paradigmx.FreeLook;
				PRODUCT_NAME = "$(TARGET_NAME)";
				REGISTER_APP_GROUPS = YES;
				STRING_CATALOG_GENERATE_SYMBOLS = YES;
				SWIFT_APPROACHABLE_CONCURRENCY = YES;
				SWIFT_DEFAULT_ACTOR_ISOLATION = MainActor;
				SWIFT_EMIT_LOC_STRINGS = YES;
				SWIFT_UPCOMING_FEATURE_MEMBER_IMPORT_VISIBILITY = YES;
				SWIFT_VERSION = 5.0;
			};
			name = Release;
		};
		B5A7CCBB2F680BA200988F0A /* Debug */ = {
			isa = XCBuildConfiguration;
			buildSettings = {
				CODE_SIGN_ENTITLEMENTS = QuickLookExtension/QuickLookExtension.entitlements;
				CODE_SIGN_STYLE = Automatic;
				CURRENT_PROJECT_VERSION = 1;
				DEVELOPMENT_TEAM = S2D42Y29YT;
				ENABLE_APP_SANDBOX = YES;
				ENABLE_HARDENED_RUNTIME = YES;
				ENABLE_USER_SELECTED_FILES = readonly;
				GENERATE_INFOPLIST_FILE = YES;
				INFOPLIST_FILE = QuickLookExtension/Info.plist;
				INFOPLIST_KEY_CFBundleDisplayName = QuickLookExtension;
				INFOPLIST_KEY_NSHumanReadableCopyright = "";
				LD_RUNPATH_SEARCH_PATHS = (
					"$(inherited)",
					"@executable_path/../Frameworks",
					"@executable_path/../../../../Frameworks",
				);
				MACOSX_DEPLOYMENT_TARGET = 14.6;
				MARKETING_VERSION = 0.9.0;
				PRODUCT_BUNDLE_IDENTIFIER = net.paradigmx.FreeLook.QuickLookExtension;
				PRODUCT_NAME = "$(TARGET_NAME)";
				REGISTER_APP_GROUPS = YES;
				SKIP_INSTALL = YES;
				STRING_CATALOG_GENERATE_SYMBOLS = YES;
				SWIFT_APPROACHABLE_CONCURRENCY = YES;
				SWIFT_EMIT_LOC_STRINGS = YES;
				SWIFT_UPCOMING_FEATURE_MEMBER_IMPORT_VISIBILITY = YES;
				SWIFT_VERSION = 5.0;
			};
			name = Debug;
		};
		B5A7CCBC2F680BA200988F0A /* Release */ = {
			isa = XCBuildConfiguration;
			buildSettings = {
				CODE_SIGN_ENTITLEMENTS = QuickLookExtension/QuickLookExtension.entitlements;
				CODE_SIGN_STYLE = Automatic;
				CURRENT_PROJECT_VERSION = 1;
				DEVELOPMENT_TEAM = S2D42Y29YT;
				ENABLE_APP_SANDBOX = YES;
				ENABLE_HARDENED_RUNTIME = YES;
				ENABLE_USER_SELECTED_FILES = readonly;
				GENERATE_INFOPLIST_FILE = YES;
				INFOPLIST_FILE = QuickLookExtension/Info.plist;
				INFOPLIST_KEY_CFBundleDisplayName = QuickLookExtension;
				INFOPLIST_KEY_NSHumanReadableCopyright = "";
				LD_RUNPATH_SEARCH_PATHS = (
					"$(inherited)",
					"@executable_path/../Frameworks",
					"@executable_path/../../../../Frameworks",
				);
				MACOSX_DEPLOYMENT_TARGET = 14.6;
				MARKETING_VERSION = 0.9.0;
				PRODUCT_BUNDLE_IDENTIFIER = net.paradigmx.FreeLook.QuickLookExtension;
				PRODUCT_NAME = "$(TARGET_NAME)";
				REGISTER_APP_GROUPS = YES;
				SKIP_INSTALL = YES;
				STRING_CATALOG_GENERATE_SYMBOLS = YES;
				SWIFT_APPROACHABLE_CONCURRENCY = YES;
				SWIFT_EMIT_LOC_STRINGS = YES;
				SWIFT_UPCOMING_FEATURE_MEMBER_IMPORT_VISIBILITY = YES;
				SWIFT_VERSION = 5.0;
			};
			name = Release;
		};
		B5A7CCC92F680BF500988F0A /* Debug */ = {
			isa = XCBuildConfiguration;
			buildSettings = {
				BUNDLE_LOADER = "$(TEST_HOST)";
				CODE_SIGN_STYLE = Automatic;
				CURRENT_PROJECT_VERSION = 1;
				DEVELOPMENT_TEAM = S2D42Y29YT;
				GENERATE_INFOPLIST_FILE = YES;
				MACOSX_DEPLOYMENT_TARGET = 14.6;
				MARKETING_VERSION = 1.0;
				PRODUCT_BUNDLE_IDENTIFIER = net.paradigmx.FreeLook.Tests;
				PRODUCT_NAME = "$(TARGET_NAME)";
				STRING_CATALOG_GENERATE_SYMBOLS = NO;
				SWIFT_APPROACHABLE_CONCURRENCY = YES;
				SWIFT_EMIT_LOC_STRINGS = NO;
				SWIFT_UPCOMING_FEATURE_MEMBER_IMPORT_VISIBILITY = YES;
				SWIFT_VERSION = 5.0;
				TEST_HOST = "$(BUILT_PRODUCTS_DIR)/FreeLook.app/$(BUNDLE_EXECUTABLE_FOLDER_PATH)/FreeLook";
			};
			name = Debug;
		};
		B5A7CCCA2F680BF500988F0A /* Release */ = {
			isa = XCBuildConfiguration;
			buildSettings = {
				BUNDLE_LOADER = "$(TEST_HOST)";
				CODE_SIGN_STYLE = Automatic;
				CURRENT_PROJECT_VERSION = 1;
				DEVELOPMENT_TEAM = S2D42Y29YT;
				GENERATE_INFOPLIST_FILE = YES;
				MACOSX_DEPLOYMENT_TARGET = 14.6;
				MARKETING_VERSION = 1.0;
				PRODUCT_BUNDLE_IDENTIFIER = net.paradigmx.FreeLook.Tests;
				PRODUCT_NAME = "$(TARGET_NAME)";
				STRING_CATALOG_GENERATE_SYMBOLS = NO;
				SWIFT_APPROACHABLE_CONCURRENCY = YES;
				SWIFT_EMIT_LOC_STRINGS = NO;
				SWIFT_UPCOMING_FEATURE_MEMBER_IMPORT_VISIBILITY = YES;
				SWIFT_VERSION = 5.0;
				TEST_HOST = "$(BUILT_PRODUCTS_DIR)/FreeLook.app/$(BUNDLE_EXECUTABLE_FOLDER_PATH)/FreeLook";
			};
			name = Release;
		};
/* End XCBuildConfiguration section */

/* Begin XCConfigurationList section */
		B5A7CC922F680B2A00988F0A /* Build configuration list for PBXProject "FreeLook" */ = {
			isa = XCConfigurationList;
			buildConfigurations = (
				B5A7CCA02F680B2B00988F0A /* Debug */,
				B5A7CCA12F680B2B00988F0A /* Release */,
			);
			defaultConfigurationIsVisible = 0;
			defaultConfigurationName = Release;
		};
		B5A7CCA22F680B2B00988F0A /* Build configuration list for PBXNativeTarget "FreeLook" */ = {
			isa = XCConfigurationList;
			buildConfigurations = (
				B5A7CCA32F680B2B00988F0A /* Debug */,
				B5A7CCA42F680B2B00988F0A /* Release */,
			);
			defaultConfigurationIsVisible = 0;
			defaultConfigurationName = Release;
		};
		B5A7CCBA2F680BA200988F0A /* Build configuration list for PBXNativeTarget "QuickLookExtension" */ = {
			isa = XCConfigurationList;
			buildConfigurations = (
				B5A7CCBB2F680BA200988F0A /* Debug */,
				B5A7CCBC2F680BA200988F0A /* Release */,
			);
			defaultConfigurationIsVisible = 0;
			defaultConfigurationName = Release;
		};
		B5A7CCC82F680BF500988F0A /* Build configuration list for PBXNativeTarget "Tests" */ = {
			isa = XCConfigurationList;
			buildConfigurations = (
				B5A7CCC92F680BF500988F0A /* Debug */,
				B5A7CCCA2F680BF500988F0A /* Release */,
			);
			defaultConfigurationIsVisible = 0;
			defaultConfigurationName = Release;
		};
/* End XCConfigurationList section */

/* Begin XCRemoteSwiftPackageReference section */
		B5A7CCCD2F680D1A00988F0A /* XCRemoteSwiftPackageReference "Sparkle" */ = {
			isa = XCRemoteSwiftPackageReference;
			repositoryURL = "https://github.com/sparkle-project/Sparkle";
			requirement = {
				kind = upToNextMajorVersion;
				minimumVersion = 2.9.0;
			};
		};
/* End XCRemoteSwiftPackageReference section */

/* Begin XCSwiftPackageProductDependency section */
		C9A100322F700002006D34B2 /* Sparkle */ = {
			isa = XCSwiftPackageProductDependency;
			package = B5A7CCCD2F680D1A00988F0A /* XCRemoteSwiftPackageReference "Sparkle" */;
			productName = Sparkle;
		};
/* End XCSwiftPackageProductDependency section */
	};
	rootObject = B5A7CC8F2F680B2A00988F0A /* Project object */;
}
